{
  "lockfileVersion": 1,
  "configVersion": 1,
  "workspaces": {
    "": {
      "name": "omp-re-shotgen",
      "dependencies": {
        "ansi-to-html": "0.7.2",
      },
    },
  },
  "packages": {
    "ansi-to-html": ["ansi-to-html@0.7.2", "", { "dependencies": { "entities": "^2.2.0" }, "bin": { "ansi-to-html": "bin/ansi-to-html" } }, "sha512-v6MqmEpNlxF+POuyhKkidusCHWWkaLcGRURzivcU3I9tv7k4JVhFcnukrM5Rlk2rUywdZuzYAZ+kbZqWCnfN3g=="],

    "entities": ["entities@2.2.0", "", {}, "sha512-p92if5Nz619I0w+akJrLZH0MX0Pb5DX39XOwQTtXSdQQOaYH03S1uIQp4mhOZtAXrxq4ViO67YTiLBo2638o9A=="],
  }
}
